// !$*UTF8*$!
{
	archiveVersion = 1;
	classes = {
	};
	objectVersion = 56;
	objects = {

/* Begin PBXBuildFile section */
		1EA92B182A8379340001FAD8 /* AppDelegate.swift in Sources */ = {isa = PBXBuildFile; fileRef = 1EA92B172A8379340001FAD8 /* AppDelegate.swift */; };
		1EA92B1A2A8379340001FAD8 /* SceneDelegate.swift in Sources */ = {isa = PBXBuildFile; fileRef = 1EA92B192A8379340001FAD8 /* SceneDelegate.swift */; };
		1EA92B1F2A8379340001FAD8 /* Main.storyboard in Resources */ = {isa = PBXBuildFile; fileRef = 1EA92B1D2A8379340001FAD8 /* Main.storyboard */; };
		1EA92B212A8379350001FAD8 /* Assets.xcassets in Resources */ = {isa = PBXBuildFile; fileRef = 1EA92B202A8379350001FAD8 /* Assets.xcassets */; };
		1EA92B242A8379350001FAD8 /* LaunchScreen.storyboard in Resources */ = {isa = PBXBuildFile; fileRef = 1EA92B222A8379350001FAD8 /* LaunchScreen.storyboard */; };
		1EA92B2F2A8379E50001FAD8 /* QandAViewController.swift in Sources */ = {isa = PBXBuildFile; fileRef = 1EA92B2E2A8379E50001FAD8 /* QandAViewController.swift */; };
		1EA92B312A837A070001FAD8 /* ResultViewController.swift in Sources */ = {isa = PBXBuildFile; fileRef = 1EA92B302A837A070001FAD8 /* ResultViewController.swift */; };
		1EA92B342A837AE00001FAD8 /* Question.swift in Sources */ = {isa = PBXBuildFile; fileRef = 1EA92B332A837AE00001FAD8 /* Question.swift */; };
		1EA92B362A837B1F0001FAD8 /* category.swift in Sources */ = {isa = PBXBuildFile; fileRef = 1EA92B352A837B1F0001FAD8 /* category.swift */; };
/* End PBXBuildFile section */

/* Begin PBXFileReference section */
		1EA92B142A8379340001FAD8 /* QASelect.app */ = {isa = PBXFileReference; explicitFileType = wrapper.application; includeInIndex = 0; path = QASelect.app; sourceTree = BUILT_PRODUCTS_DIR; };
		1EA92B172A8379340001FAD8 /* AppDelegate.swift */ = {isa = PBXFileReference; lastKnownFileType = sourcecode.swift; path = AppDelegate.swift; sourceTree = "<group>"; };
		1EA92B192A8379340001FAD8 /* SceneDelegate.swift */ = {isa = PBXFileReference; lastKnownFileType = sourcecode.swift; path = SceneDelegate.swift; sourceTree = "<group>"; };
		1EA92B1E2A8379340001FAD8 /* Base */ = {isa = PBXFileReference; lastKnownFileType = file.storyboard; name = Base; path = Base.lproj/Main.storyboard; sourceTree = "<group>"; };
		1EA92B202A8379350001FAD8 /* Assets.xcassets */ = {isa = PBXFileReference; lastKnownFileType = folder.assetcatalog; path = Assets.xcassets; sourceTree = "<group>"; };
		1EA92B232A8379350001FAD8 /* Base */ = {isa = PBXFileReference; lastKnownFileType = file.storyboard; name = Base; path = Base.lproj/LaunchScreen.storyboard; sourceTree = "<group>"; };
		1EA92B252A8379350001FAD8 /* Info.plist */ = {isa = PBXFileReference; lastKnownFileType = text.plist.xml; path = Info.plist; sourceTree = "<group>"; };
		1EA92B2E2A8379E50001FAD8 /* QandAViewController.swift */ = {isa = PBXFileReference; lastKnownFileType = sourcecode.swift; path = QandAViewController.swift; sourceTree = "<group>"; };
		1EA92B302A837A070001FAD8 /* ResultViewController.swift */ = {isa = PBXFileReference; lastKnownFileType = sourcecode.swift; path = ResultViewController.swift; sourceTree = "<group>"; };
		1EA92B332A837AE00001FAD8 /* Question.swift */ = {isa = PBXFileReference; lastKnownFileType = sourcecode.swift; path = Question.swift; sourceTree = "<group>"; };
		1EA92B352A837B1F0001FAD8 /* category.swift */ = {isa = PBXFileReference; lastKnownFileType = sourcecode.swift; path = category.swift; sourceTree = "<group>"; };
/* End PBXFileReference section */

/* Begin PBXFrameworksBuildPhase section */
		1EA92B112A8379340001FAD8 /* Frameworks */ = {
			isa = PBXFrameworksBuildPhase;
			buildActionMask = 2147483647;
			files = (
			);
			runOnlyForDeploymentPostprocessing = 0;
		};
/* End PBXFrameworksBuildPhase section */

/* Begin PBXGroup section */
		1EA92B0B2A8379340001FAD8 = {
			isa = PBXGroup;
			children = (
				1EA92B162A8379340001FAD8 /* QASelect */,
				1EA92B152A8379340001FAD8 /* Products */,
			);
			sourceTree = "<group>";
		};
		1EA92B152A8379340001FAD8 /* Products */ = {
			isa = PBXGroup;
			children = (
				1EA92B142A8379340001FAD8 /* QASelect.app */,
			);
			name = Products;
			sourceTree = "<group>";
		};
		1EA92B162A8379340001FAD8 /* QASelect */ = {
			isa = PBXGroup;
			children = (
				1EA92B172A8379340001FAD8 /* AppDelegate.swift */,
				1EA92B192A8379340001FAD8 /* SceneDelegate.swift */,
				1EA92B1D2A8379340001FAD8 /* Main.storyboard */,
				1EA92B202A8379350001FAD8 /* Assets.xcassets */,
				1EA92B222A8379350001FAD8 /* LaunchScreen.storyboard */,
				1EA92B252A8379350001FAD8 /* Info.plist */,
				1EA92B322A837ACD0001FAD8 /* Model */,
				1EA92B2D2A8379840001FAD8 /* View Controllers */,
			);
			path = QASelect;
			sourceTree = "<group>";
		};
		1EA92B2D2A8379840001FAD8 /* View Controllers */ = {
			isa = PBXGroup;
			children = (
				1EA92B2E2A8379E50001FAD8 /* QandAViewController.swift */,
				1EA92B302A837A070001FAD8 /* ResultViewController.swift */,
			);
			path = "View Controllers";
			sourceTree = "<group>";
		};
		1EA92B322A837ACD0001FAD8 /* Model */ = {
			isa = PBXGroup;
			children = (
				1EA92B332A837AE00001FAD8 /* Question.swift */,
				1EA92B352A837B1F0001FAD8 /* category.swift */,
			);
			path = Model;
			sourceTree = "<group>";
		};
/* End PBXGroup section */

/* Begin PBXNativeTarget section */
		1EA92B132A8379340001FAD8 /* QASelect */ = {
			isa = PBXNativeTarget;
			buildConfigurationList = 1EA92B282A8379350001FAD8 /* Build configuration list for PBXNativeTarget "QASelect" */;
			buildPhases = (
				1EA92B102A8379340001FAD8 /* Sources */,
				1EA92B112A8379340001FAD8 /* Frameworks */,
				1EA92B122A8379340001FAD8 /* Resources */,
			);
			buildRules = (
			);
			dependencies = (
			);
			name = QASelect;
			productName = QASelect;
			productReference = 1EA92B142A8379340001FAD8 /* QASelect.app */;
			productType = "com.apple.product-type.application";
		};
/* End PBXNativeTarget section */

/* Begin PBXProject section */
		1EA92B0C2A8379340001FAD8 /* Project object */ = {
			isa = PBXProject;
			attributes = {
				BuildIndependentTargetsInParallel = 1;
				LastSwiftUpdateCheck = 1500;
				LastUpgradeCheck = 1500;
				TargetAttributes = {
					1EA92B132A8379340001FAD8 = {
						CreatedOnToolsVersion = 15.0;
					};
				};
			};
			buildConfigurationList = 1EA92B0F2A8379340001FAD8 /* Build configuration list for PBXProject "QASelect" */;
			compatibilityVersion = "Xcode 14.0";
			developmentRegion = en;
			hasScannedForEncodings = 0;
			knownRegions = (
				en,
				Base,
			);
			mainGroup = 1EA92B0B2A8379340001FAD8;
			productRefGroup = 1EA92B152A8379340001FAD8 /* Products */;
			projectDirPath = "";
			projectRoot = "";
			targets = (
				1EA92B132A8379340001FAD8 /* QASelect */,
			);
		};
/* End PBXProject section */

/* Begin PBXResourcesBuildPhase section */
		1EA92B122A8379340001FAD8 /* Resources */ = {
			isa = PBXResourcesBuildPhase;
			buildActionMask = 2147483647;
			files = (
				1EA92B242A8379350001FAD8 /* LaunchScreen.storyboard in Resources */,
				1EA92B212A8379350001FAD8 /* Assets.xcassets in Resources */,
				1EA92B1F2A8379340001FAD8 /* Main.storyboard in Resources */,
			);
			runOnlyForDeploymentPostprocessing = 0;
		};
/* End PBXResourcesBuildPhase section */

/* Begin PBXSourcesBuildPhase section */
		1EA92B102A8379340001FAD8 /* Sources */ = {
			isa = PBXSourcesBuildPhase;
			buildActionMask = 2147483647;
			files = (
				1EA92B342A837AE00001FAD8 /* Question.swift in Sources */,
				1EA92B362A837B1F0001FAD8 /* category.swift in Sources */,
				1EA92B182A8379340001FAD8 /* AppDelegate.swift in Sources */,
				1EA92B2F2A8379E50001FAD8 /* QandAViewController.swift in Sources */,
				1EA92B1A2A8379340001FAD8 /* SceneDelegate.swift in Sources */,
				1EA92B312A837A070001FAD8 /* ResultViewController.swift in Sources */,
			);
			runOnlyForDeploymentPostprocessing = 0;
		};
/* End PBXSourcesBuildPhase section */

/* Begin PBXVariantGroup section */
		1EA92B1D2A8379340001FAD8 /* Main.storyboard */ = {
			isa = PBXVariantGroup;
			children = (
				1EA92B1E2A8379340001FAD8 /* Base */,
			);
			name = Main.storyboard;
			sourceTree = "<group>";
		};
		1EA92B222A8379350001FAD8 /* LaunchScreen.storyboard */ = {
			isa = PBXVariantGroup;
			children = (
				1EA92B232A8379350001FAD8 /* Base */,
			);
			name = LaunchScreen.storyboard;
			sourceTree = "<group>";
		};
/* End PBXVariantGroup section */

/* Begin XCBuildConfiguration section */
		1EA92B262A8379350001FAD8 /* Debug */ = {
			isa = XCBuildConfiguration;
			buildSettings = {
				ALWAYS_SEARCH_USER_PATHS = NO;
				ASSETCATALOG_COMPILER_GENERATE_SWIFT_ASSET_SYMBOL_EXTENSIONS = YES;
				CLANG_ANALYZER_NONNULL = YES;
				CLANG_ANALYZER_NUMBER_OBJECT_CONVERSION = YES_AGGRESSIVE;
				CLANG_CXX_LANGUAGE_STANDARD = "gnu++20";
				CLANG_ENABLE_MODULES = YES;
				CLANG_ENABLE_OBJC_ARC = YES;
				CLANG_ENABLE_OBJC_WEAK = YES;
				CLANG_WARN_BLOCK_CAPTURE_AUTORELEASING = YES;
				CLANG_WARN_BOOL_CONVERSION = YES;
				CLANG_WARN_COMMA = YES;
				CLANG_WARN_CONSTANT_CONVERSION = YES;
				CLANG_WARN_DEPRECATED_OBJC_IMPLEMENTATIONS = YES;
				CLANG_WARN_DIRECT_OBJC_ISA_USAGE = YES_ERROR;
				CLANG_WARN_DOCUMENTATION_COMMENTS = YES;
				CLANG_WARN_EMPTY_BODY = YES;
				CLANG_WARN_ENUM_CONVERSION = YES;
				CLANG_WARN_INFINITE_RECURSION = YES;
				CLANG_WARN_INT_CONVERSION = YES;
				CLANG_WARN_NON_LITERAL_NULL_CONVERSION = YES;
				CLANG_WARN_OBJC_IMPLICIT_RETAIN_SELF = YES;
				CLANG_WARN_OBJC_LITERAL_CONVERSION = YES;
				CLANG_WARN_OBJC_ROOT_CLASS = YES_ERROR;
				CLANG_WARN_QUOTED_INCLUDE_IN_FRAMEWORK_HEADER = YES;
				CLANG_WARN_RANGE_LOOP_ANALYSIS = YES;
				CLANG_WARN_STRICT_PROTOTYPES = YES;
				CLANG_WARN_SUSPICIOUS_MOVE = YES;
				CLANG_WARN_UNGUARDED_AVAILABILITY = YES_AGGRESSIVE;
				CLANG_WARN_UNREACHABLE_CODE = YES;
				CLANG_WARN__DUPLICATE_METHOD_MATCH = YES;
				COPY_PHASE_STRIP = NO;
				DEBUG_INFORMATION_FORMAT = dwarf;
				ENABLE_STRICT_OBJC_MSGSEND = YES;
				ENABLE_TESTABILITY = YES;
				ENABLE_USER_SCRIPT_SANDBOXING = YES;
				GCC_C_LANGUAGE_STANDARD = gnu17;
				GCC_DYNAMIC_NO_PIC = NO;
				GCC_NO_COMMON_BLOCKS = YES;
				GCC_OPTIMIZATION_LEVEL = 0;
				GCC_PREPROCESSOR_DEFINITIONS = (
					"DEBUG=1",
					"$(inherited)",
				);
				GCC_WARN_64_TO_32_BIT_CONVERSION = YES;
				GCC_WARN_ABOUT_RETURN_TYPE = YES_ERROR;
				GCC_WARN_UNDECLARED_SELECTOR = YES;
				GCC_WARN_UNINITIALIZED_AUTOS = YES_AGGRESSIVE;
				GCC_WARN_UNUSED_FUNCTION = YES;
				GCC_WARN_UNUSED_VARIABLE = YES;
				IPHONEOS_DEPLOYMENT_TARGET = 17.0;
				LOCALIZATION_PREFERS_STRING_CATALOGS = YES;
				MTL_ENABLE_DEBUG_INFO = INCLUDE_SOURCE;
				MTL_FAST_MATH = YES;
				ONLY_ACTIVE_ARCH = YES;
				SDKROOT = iphoneos;
				SWIFT_ACTIVE_COMPILATION_CONDITIONS = "DEBUG $(inherited)";
				SWIFT_OPTIMIZATION_LEVEL = "-Onone";
			};
			name = Debug;
		};
		1EA92B272A8379350001FAD8 /* Release */ = {
			isa = XCBuildConfiguration;
			buildSettings = {
				ALWAYS_SEARCH_USER_PATHS = NO;
				ASSETCATALOG_COMPILER_GENERATE_SWIFT_ASSET_SYMBOL_EXTENSIONS = YES;
				CLANG_ANALYZER_NONNULL = YES;
				CLANG_ANALYZER_NUMBER_OBJECT_CONVERSION = YES_AGGRESSIVE;
				CLANG_CXX_LANGUAGE_STANDARD = "gnu++20";
				CLANG_ENABLE_MODULES = YES;
				CLANG_ENABLE_OBJC_ARC = YES;
				CLANG_ENABLE_OBJC_WEAK = YES;
				CLANG_WARN_BLOCK_CAPTURE_AUTORELEASING = YES;
				CLANG_WARN_BOOL_CONVERSION = YES;
				CLANG_WARN_COMMA = YES;
				CLANG_WARN_CONSTANT_CONVERSION = YES;
				CLANG_WARN_DEPRECATED_OBJC_IMPLEMENTATIONS = YES;
				CLANG_WARN_DIRECT_OBJC_ISA_USAGE = YES_ERROR;
				CLANG_WARN_DOCUMENTATION_COMMENTS = YES;
				CLANG_WARN_EMPTY_BODY = YES;
				CLANG_WARN_ENUM_CONVERSION = YES;
				CLANG_WARN_INFINITE_RECURSION = YES;
				CLANG_WARN_INT_CONVERSION = YES;
				CLANG_WARN_NON_LITERAL_NULL_CONVERSION = YES;
				CLANG_WARN_OBJC_IMPLICIT_RETAIN_SELF = YES;
				CLANG_WARN_OBJC_LITERAL_CONVERSION = YES;
				CLANG_WARN_OBJC_ROOT_CLASS = YES_ERROR;
				CLANG_WARN_QUOTED_INCLUDE_IN_FRAMEWORK_HEADER = YES;
				CLANG_WARN_RANGE_LOOP_ANALYSIS = YES;
				CLANG_WARN_STRICT_PROTOTYPES = YES;
				CLANG_WARN_SUSPICIOUS_MOVE = YES;
				CLANG_WARN_UNGUARDED_AVAILABILITY = YES_AGGRESSIVE;
				CLANG_WARN_UNREACHABLE_CODE = YES;
				CLANG_WARN__DUPLICATE_METHOD_MATCH = YES;
				COPY_PHASE_STRIP = NO;
				DEBUG_INFORMATION_FORMAT = "dwarf-with-dsym";
				ENABLE_NS_ASSERTIONS = NO;
				ENABLE_STRICT_OBJC_MSGSEND = YES;
				ENABLE_USER_SCRIPT_SANDBOXING = YES;
				GCC_C_LANGUAGE_STANDARD = gnu17;
				GCC_NO_COMMON_BLOCKS = YES;
				GCC_WARN_64_TO_32_BIT_CONVERSION = YES;
				GCC_WARN_ABOUT_RETURN_TYPE = YES_ERROR;
				GCC_WARN_UNDECLARED_SELECTOR = YES;
				GCC_WARN_UNINITIALIZED_AUTOS = YES_AGGRESSIVE;
				GCC_WARN_UNUSED_FUNCTION = YES;
				GCC_WARN_UNUSED_VARIABLE = YES;
				IPHONEOS_DEPLOYMENT_TARGET = 17.0;
				LOCALIZATION_PREFERS_STRING_CATALOGS = YES;
				MTL_ENABLE_DEBUG_INFO = NO;
				MTL_FAST_MATH = YES;
				SDKROOT = iphoneos;
				SWIFT_COMPILATION_MODE = wholemodule;
				VALIDATE_PRODUCT = YES;
			};
			name = Release;
		};
		1EA92B292A8379350001FAD8 /* Debug */ = {
			isa = XCBuildConfiguration;
			buildSettings = {
				ASSETCATALOG_COMPILER_APPICON_NAME = AppIcon;
				ASSETCATALOG_COMPILER_GLOBAL_ACCENT_COLOR_NAME = AccentColor;
				CODE_SIGN_STYLE = Automatic;
				CURRENT_PROJECT_VERSION = 1;
				DEVELOPMENT_TEAM = DN3ZPRBFG4;
				GENERATE_INFOPLIST_FILE = YES;
				INFOPLIST_FILE = QASelect/Info.plist;
				INFOPLIST_KEY_UIApplicationSupportsIndirectInputEvents = YES;
				INFOPLIST_KEY_UILaunchStoryboardName = LaunchScreen;
				INFOPLIST_KEY_UIMainStoryboardFile = Main;
				INFOPLIST_KEY_UISupportedInterfaceOrientations_iPad = "UIInterfaceOrientationPortrait UIInterfaceOrientationPortraitUpsideDown UIInterfaceOrientationLandscapeLeft UIInterfaceOrientationLandscapeRight";
				INFOPLIST_KEY_UISupportedInterfaceOrientations_iPhone = "UIInterfaceOrientationPortrait UIInterfaceOrientationLandscapeLeft UIInterfaceOrientationLandscapeRight";
				LD_RUNPATH_SEARCH_PATHS = (
					"$(inherited)",
					"@executable_path/Frameworks",
				);
				MARKETING_VERSION = 1.0;
				PRODUCT_BUNDLE_IDENTIFIER = com.Peanut.QASelect;
				PRODUCT_NAME = "$(TARGET_NAME)";
				SWIFT_EMIT_LOC_STRINGS = YES;
				SWIFT_VERSION = 5.0;
				TARGETED_DEVICE_FAMILY = "1,2";
			};
			name = Debug;
		};
		1EA92B2A2A8379350001FAD8 /* Release */ = {
			isa = XCBuildConfiguration;
			buildSettings = {
				ASSETCATALOG_COMPILER_APPICON_NAME = AppIcon;
				ASSETCATALOG_COMPILER_GLOBAL_ACCENT_COLOR_NAME = AccentColor;
				CODE_SIGN_STYLE = Automatic;
				CURRENT_PROJECT_VERSION = 1;
				DEVELOPMENT_TEAM = DN3ZPRBFG4;
				GENERATE_INFOPLIST_FILE = YES;
				INFOPLIST_FILE = QASelect/Info.plist;
				INFOPLIST_KEY_UIApplicationSupportsIndirectInputEvents = YES;
				INFOPLIST_KEY_UILaunchStoryboardName = LaunchScreen;
				INFOPLIST_KEY_UIMainStoryboardFile = Main;
				INFOPLIST_KEY_UISupportedInterfaceOrientations_iPad = "UIInterfaceOrientationPortrait UIInterfaceOrientationPortraitUpsideDown UIInterfaceOrientationLandscapeLeft UIInterfaceOrientationLandscapeRight";
				INFOPLIST_KEY_UISupportedInterfaceOrientations_iPhone = "UIInterfaceOrientationPortrait UIInterfaceOrientationLandscapeLeft UIInterfaceOrientationLandscapeRight";
				LD_RUNPATH_SEARCH_PATHS = (
					"$(inherited)",
					"@executable_path/Frameworks",
				);
				MARKETING_VERSION = 1.0;
				PRODUCT_BUNDLE_IDENTIFIER = com.Peanut.QASelect;
				PRODUCT_NAME = "$(TARGET_NAME)";
				SWIFT_EMIT_LOC_STRINGS = YES;
				SWIFT_VERSION = 5.0;
				TARGETED_DEVICE_FAMILY = "1,2";
			};
			name = Release;
		};
/* End XCBuildConfiguration section */

/* Begin XCConfigurationList section */
		1EA92B0F2A8379340001FAD8 /* Build configuration list for PBXProject "QASelect" */ = {
			isa = XCConfigurationList;
			buildConfigurations = (
				1EA92B262A8379350001FAD8 /* Debug */,
				1EA92B272A8379350001FAD8 /* Release */,
			);
			defaultConfigurationIsVisible = 0;
			defaultConfigurationName = Release;
		};
		1EA92B282A8379350001FAD8 /* Build configuration list for PBXNativeTarget "QASelect" */ = {
			isa = XCConfigurationList;
			buildConfigurations = (
				1EA92B292A8379350001FAD8 /* Debug */,
				1EA92B2A2A8379350001FAD8 /* Release */,
			);
			defaultConfigurationIsVisible = 0;
			defaultConfigurationName = Release;
		};
/* End XCConfigurationList section */
	};
	rootObject = 1EA92B0C2A8379340001FAD8 /* Project object */;
}
